Microsoft Visual Studio Solution File, Format Version 11.00
# Visual Studio 2008

Project("{C8289C3B-F565-287F-FEED-EE01125EC0B1}") = "LocalizationDemo", "Assembly-CSharp.csproj", "{1C3407EA-2A44-3A05-57C4-ED0174FBB72B}"
EndProject
Project("{C8289C3B-F565-287F-FEED-EE01125EC0B1}") = "LocalizationDemo", "Assembly-CSharp-Editor.csproj", "{731C359D-75C0-C899-BE7B-44127832B08A}"
EndProject
Global
	GlobalSection(SolutionConfigurationPlatforms) = preSolution
		Debug|Any CPU = Debug|Any CPU
		Release|Any CPU = Release|Any CPU
	EndGlobalSection
	GlobalSection(ProjectConfigurationPlatforms) = postSolution
		{1C3407EA-2A44-3A05-57C4-ED0174FBB72B}.Debug|Any CPU.ActiveCfg = Debug|Any CPU
		{1C3407EA-2A44-3A05-57C4-ED0174FBB72B}.Debug|Any CPU.Build.0 = Debug|Any CPU
		{1C3407EA-2A44-3A05-57C4-ED0174FBB72B}.Release|Any CPU.ActiveCfg = Release|Any CPU
		{1C3407EA-2A44-3A05-57C4-ED0174FBB72B}.Release|Any CPU.Build.0 = Release|Any CPU
		{731C359D-75C0-C899-BE7B-44127832B08A}.Debug|Any CPU.ActiveCfg = Debug|Any CPU
		{731C359D-75C0-C899-BE7B-44127832B08A}.Debug|Any CPU.Build.0 = Debug|Any CPU
		{731C359D-75C0-C899-BE7B-44127832B08A}.Release|Any CPU.ActiveCfg = Release|Any CPU
		{731C359D-75C0-C899-BE7B-44127832B08A}.Release|Any CPU.Build.0 = Release|Any CPU
	EndGlobalSection
	GlobalSection(SolutionProperties) = preSolution
		HideSolutionNode = FALSE
	EndGlobalSection
	GlobalSection(MonoDevelopProperties) = preSolution
		StartupItem = Assembly-CSharp.csproj
	EndGlobalSection
EndGlobal
